
Microsoft Visual Studio Solution File, Format Version 12.00
# Visual Studio 15
VisualStudioVersion = 15.0.27130.2024
MinimumVisualStudioVersion = 10.0.40219.1
Project("{2150E333-8FDC-42A3-9474-1A3956D46DE8}") = "AsioInclude", "AsioInclude", "{0DA561FF-5BEE-4F78-AAA7-CED1CCA1F1BB}"
	ProjectSection(SolutionItems) = preProject
		AsioInclude\asio.hpp = AsioInclude\asio.hpp
	EndProjectSection
EndProject
Project("{2150E333-8FDC-42A3-9474-1A3956D46DE8}") = "asio", "asio", "{876B5354-0417-41E0-9997-461E8507FC09}"
	ProjectSection(SolutionItems) = preProject
		AsioInclude\asio\associated_allocator.hpp = AsioInclude\asio\associated_allocator.hpp
		AsioInclude\asio\associated_executor.hpp = AsioInclude\asio\associated_executor.hpp
		AsioInclude\asio\async_result.hpp = AsioInclude\asio\async_result.hpp
		AsioInclude\asio\basic_datagram_socket.hpp = AsioInclude\asio\basic_datagram_socket.hpp
		AsioInclude\asio\basic_deadline_timer.hpp = AsioInclude\asio\basic_deadline_timer.hpp
		AsioInclude\asio\basic_io_object.hpp = AsioInclude\asio\basic_io_object.hpp
		AsioInclude\asio\basic_raw_socket.hpp = AsioInclude\asio\basic_raw_socket.hpp
		AsioInclude\asio\basic_seq_packet_socket.hpp = AsioInclude\asio\basic_seq_packet_socket.hpp
		AsioInclude\asio\basic_serial_port.hpp = AsioInclude\asio\basic_serial_port.hpp
		AsioInclude\asio\basic_signal_set.hpp = AsioInclude\asio\basic_signal_set.hpp
		AsioInclude\asio\basic_socket.hpp = AsioInclude\asio\basic_socket.hpp
		AsioInclude\asio\basic_socket_acceptor.hpp = AsioInclude\asio\basic_socket_acceptor.hpp
		AsioInclude\asio\basic_socket_iostream.hpp = AsioInclude\asio\basic_socket_iostream.hpp
		AsioInclude\asio\basic_socket_streambuf.hpp = AsioInclude\asio\basic_socket_streambuf.hpp
		AsioInclude\asio\basic_stream_socket.hpp = AsioInclude\asio\basic_stream_socket.hpp
		AsioInclude\asio\basic_streambuf.hpp = AsioInclude\asio\basic_streambuf.hpp
		AsioInclude\asio\basic_streambuf_fwd.hpp = AsioInclude\asio\basic_streambuf_fwd.hpp
		AsioInclude\asio\basic_waitable_timer.hpp = AsioInclude\asio\basic_waitable_timer.hpp
		AsioInclude\asio\bind_executor.hpp = AsioInclude\asio\bind_executor.hpp
		AsioInclude\asio\buffer.hpp = AsioInclude\asio\buffer.hpp
		AsioInclude\asio\buffered_read_stream.hpp = AsioInclude\asio\buffered_read_stream.hpp
		AsioInclude\asio\buffered_read_stream_fwd.hpp = AsioInclude\asio\buffered_read_stream_fwd.hpp
		AsioInclude\asio\buffered_stream.hpp = AsioInclude\asio\buffered_stream.hpp
		AsioInclude\asio\buffered_stream_fwd.hpp = AsioInclude\asio\buffered_stream_fwd.hpp
		AsioInclude\asio\buffered_write_stream.hpp = AsioInclude\asio\buffered_write_stream.hpp
		AsioInclude\asio\buffered_write_stream_fwd.hpp = AsioInclude\asio\buffered_write_stream_fwd.hpp
		AsioInclude\asio\buffers_iterator.hpp = AsioInclude\asio\buffers_iterator.hpp
		AsioInclude\asio\completion_condition.hpp = AsioInclude\asio\completion_condition.hpp
		AsioInclude\asio\connect.hpp = AsioInclude\asio\connect.hpp
		AsioInclude\asio\coroutine.hpp = AsioInclude\asio\coroutine.hpp
		AsioInclude\asio\datagram_socket_service.hpp = AsioInclude\asio\datagram_socket_service.hpp
		AsioInclude\asio\deadline_timer.hpp = AsioInclude\asio\deadline_timer.hpp
		AsioInclude\asio\deadline_timer_service.hpp = AsioInclude\asio\deadline_timer_service.hpp
		AsioInclude\asio\defer.hpp = AsioInclude\asio\defer.hpp
		AsioInclude\asio\dispatch.hpp = AsioInclude\asio\dispatch.hpp
		AsioInclude\asio\error.hpp = AsioInclude\asio\error.hpp
		AsioInclude\asio\error_code.hpp = AsioInclude\asio\error_code.hpp
		AsioInclude\asio\execution_context.hpp = AsioInclude\asio\execution_context.hpp
		AsioInclude\asio\executor.hpp = AsioInclude\asio\executor.hpp
		AsioInclude\asio\executor_work_guard.hpp = AsioInclude\asio\executor_work_guard.hpp
		AsioInclude\asio\handler_alloc_hook.hpp = AsioInclude\asio\handler_alloc_hook.hpp
		AsioInclude\asio\handler_continuation_hook.hpp = AsioInclude\asio\handler_continuation_hook.hpp
		AsioInclude\asio\handler_invoke_hook.hpp = AsioInclude\asio\handler_invoke_hook.hpp
		AsioInclude\asio\handler_type.hpp = AsioInclude\asio\handler_type.hpp
		AsioInclude\asio\high_resolution_timer.hpp = AsioInclude\asio\high_resolution_timer.hpp
		AsioInclude\asio\io_context.hpp = AsioInclude\asio\io_context.hpp
		AsioInclude\asio\io_context_strand.hpp = AsioInclude\asio\io_context_strand.hpp
		AsioInclude\asio\io_service.hpp = AsioInclude\asio\io_service.hpp
		AsioInclude\asio\io_service_strand.hpp = AsioInclude\asio\io_service_strand.hpp
		AsioInclude\asio\is_executor.hpp = AsioInclude\asio\is_executor.hpp
		AsioInclude\asio\is_read_buffered.hpp = AsioInclude\asio\is_read_buffered.hpp
		AsioInclude\asio\is_write_buffered.hpp = AsioInclude\asio\is_write_buffered.hpp
		AsioInclude\asio\packaged_task.hpp = AsioInclude\asio\packaged_task.hpp
		AsioInclude\asio\placeholders.hpp = AsioInclude\asio\placeholders.hpp
		AsioInclude\asio\post.hpp = AsioInclude\asio\post.hpp
		AsioInclude\asio\raw_socket_service.hpp = AsioInclude\asio\raw_socket_service.hpp
		AsioInclude\asio\read.hpp = AsioInclude\asio\read.hpp
		AsioInclude\asio\read_at.hpp = AsioInclude\asio\read_at.hpp
		AsioInclude\asio\read_until.hpp = AsioInclude\asio\read_until.hpp
		AsioInclude\asio\seq_packet_socket_service.hpp = AsioInclude\asio\seq_packet_socket_service.hpp
		AsioInclude\asio\serial_port.hpp = AsioInclude\asio\serial_port.hpp
		AsioInclude\asio\serial_port_base.hpp = AsioInclude\asio\serial_port_base.hpp
		AsioInclude\asio\serial_port_service.hpp = AsioInclude\asio\serial_port_service.hpp
		AsioInclude\asio\signal_set.hpp = AsioInclude\asio\signal_set.hpp
		AsioInclude\asio\signal_set_service.hpp = AsioInclude\asio\signal_set_service.hpp
		AsioInclude\asio\socket_acceptor_service.hpp = AsioInclude\asio\socket_acceptor_service.hpp
		AsioInclude\asio\socket_base.hpp = AsioInclude\asio\socket_base.hpp
		AsioInclude\asio\spawn.hpp = AsioInclude\asio\spawn.hpp
		AsioInclude\asio\ssl.hpp = AsioInclude\asio\ssl.hpp
		AsioInclude\asio\steady_timer.hpp = AsioInclude\asio\steady_timer.hpp
		AsioInclude\asio\strand.hpp = AsioInclude\asio\strand.hpp
		AsioInclude\asio\stream_socket_service.hpp = AsioInclude\asio\stream_socket_service.hpp
		AsioInclude\asio\streambuf.hpp = AsioInclude\asio\streambuf.hpp
		AsioInclude\asio\system_error.hpp = AsioInclude\asio\system_error.hpp
		AsioInclude\asio\system_executor.hpp = AsioInclude\asio\system_executor.hpp
		AsioInclude\asio\system_timer.hpp = AsioInclude\asio\system_timer.hpp
		AsioInclude\asio\thread.hpp = AsioInclude\asio\thread.hpp
		AsioInclude\asio\thread_pool.hpp = AsioInclude\asio\thread_pool.hpp
		AsioInclude\asio\time_traits.hpp = AsioInclude\asio\time_traits.hpp
		AsioInclude\asio\unyield.hpp = AsioInclude\asio\unyield.hpp
		AsioInclude\asio\use_future.hpp = AsioInclude\asio\use_future.hpp
		AsioInclude\asio\uses_executor.hpp = AsioInclude\asio\uses_executor.hpp
		AsioInclude\asio\version.hpp = AsioInclude\asio\version.hpp
		AsioInclude\asio\wait_traits.hpp = AsioInclude\asio\wait_traits.hpp
		AsioInclude\asio\waitable_timer_service.hpp = AsioInclude\asio\waitable_timer_service.hpp
		AsioInclude\asio\write.hpp = AsioInclude\asio\write.hpp
		AsioInclude\asio\write_at.hpp = AsioInclude\asio\write_at.hpp
		AsioInclude\asio\yield.hpp = AsioInclude\asio\yield.hpp
	EndProjectSection
EndProject
Project("{2150E333-8FDC-42A3-9474-1A3956D46DE8}") = "detail", "detail", "{5FF69E15-B5B0-4587-9270-8261232B89A4}"
	ProjectSection(SolutionItems) = preProject
		AsioInclude\asio\detail\array.hpp = AsioInclude\asio\detail\array.hpp
		AsioInclude\asio\detail\array_fwd.hpp = AsioInclude\asio\detail\array_fwd.hpp
		AsioInclude\asio\detail\assert.hpp = AsioInclude\asio\detail\assert.hpp
		AsioInclude\asio\detail\atomic_count.hpp = AsioInclude\asio\detail\atomic_count.hpp
		AsioInclude\asio\detail\base_from_completion_cond.hpp = AsioInclude\asio\detail\base_from_completion_cond.hpp
		AsioInclude\asio\detail\bind_handler.hpp = AsioInclude\asio\detail\bind_handler.hpp
		AsioInclude\asio\detail\buffer_resize_guard.hpp = AsioInclude\asio\detail\buffer_resize_guard.hpp
		AsioInclude\asio\detail\buffer_sequence_adapter.hpp = AsioInclude\asio\detail\buffer_sequence_adapter.hpp
		AsioInclude\asio\detail\buffered_stream_storage.hpp = AsioInclude\asio\detail\buffered_stream_storage.hpp
		AsioInclude\asio\detail\call_stack.hpp = AsioInclude\asio\detail\call_stack.hpp
		AsioInclude\asio\detail\chrono.hpp = AsioInclude\asio\detail\chrono.hpp
		AsioInclude\asio\detail\chrono_time_traits.hpp = AsioInclude\asio\detail\chrono_time_traits.hpp
		AsioInclude\asio\detail\completion_handler.hpp = AsioInclude\asio\detail\completion_handler.hpp
		AsioInclude\asio\detail\concurrency_hint.hpp = AsioInclude\asio\detail\concurrency_hint.hpp
		AsioInclude\asio\detail\conditionally_enabled_event.hpp = AsioInclude\asio\detail\conditionally_enabled_event.hpp
		AsioInclude\asio\detail\conditionally_enabled_mutex.hpp = AsioInclude\asio\detail\conditionally_enabled_mutex.hpp
		AsioInclude\asio\detail\config.hpp = AsioInclude\asio\detail\config.hpp
		AsioInclude\asio\detail\consuming_buffers.hpp = AsioInclude\asio\detail\consuming_buffers.hpp
		AsioInclude\asio\detail\cstddef.hpp = AsioInclude\asio\detail\cstddef.hpp
		AsioInclude\asio\detail\cstdint.hpp = AsioInclude\asio\detail\cstdint.hpp
		AsioInclude\asio\detail\date_time_fwd.hpp = AsioInclude\asio\detail\date_time_fwd.hpp
		AsioInclude\asio\detail\deadline_timer_service.hpp = AsioInclude\asio\detail\deadline_timer_service.hpp
		AsioInclude\asio\detail\dependent_type.hpp = AsioInclude\asio\detail\dependent_type.hpp
		AsioInclude\asio\detail\descriptor_ops.hpp = AsioInclude\asio\detail\descriptor_ops.hpp
		AsioInclude\asio\detail\descriptor_read_op.hpp = AsioInclude\asio\detail\descriptor_read_op.hpp
		AsioInclude\asio\detail\descriptor_write_op.hpp = AsioInclude\asio\detail\descriptor_write_op.hpp
		AsioInclude\asio\detail\dev_poll_reactor.hpp = AsioInclude\asio\detail\dev_poll_reactor.hpp
		AsioInclude\asio\detail\epoll_reactor.hpp = AsioInclude\asio\detail\epoll_reactor.hpp
		AsioInclude\asio\detail\event.hpp = AsioInclude\asio\detail\event.hpp
		AsioInclude\asio\detail\eventfd_select_interrupter.hpp = AsioInclude\asio\detail\eventfd_select_interrupter.hpp
		AsioInclude\asio\detail\executor_op.hpp = AsioInclude\asio\detail\executor_op.hpp
		AsioInclude\asio\detail\fd_set_adapter.hpp = AsioInclude\asio\detail\fd_set_adapter.hpp
		AsioInclude\asio\detail\fenced_block.hpp = AsioInclude\asio\detail\fenced_block.hpp
		AsioInclude\asio\detail\functional.hpp = AsioInclude\asio\detail\functional.hpp
		AsioInclude\asio\detail\gcc_arm_fenced_block.hpp = AsioInclude\asio\detail\gcc_arm_fenced_block.hpp
		AsioInclude\asio\detail\gcc_hppa_fenced_block.hpp = AsioInclude\asio\detail\gcc_hppa_fenced_block.hpp
		AsioInclude\asio\detail\gcc_sync_fenced_block.hpp = AsioInclude\asio\detail\gcc_sync_fenced_block.hpp
		AsioInclude\asio\detail\gcc_x86_fenced_block.hpp = AsioInclude\asio\detail\gcc_x86_fenced_block.hpp
		AsioInclude\asio\detail\global.hpp = AsioInclude\asio\detail\global.hpp
		AsioInclude\asio\detail\handler_alloc_helpers.hpp = AsioInclude\asio\detail\handler_alloc_helpers.hpp
		AsioInclude\asio\detail\handler_cont_helpers.hpp = AsioInclude\asio\detail\handler_cont_helpers.hpp
		AsioInclude\asio\detail\handler_invoke_helpers.hpp = AsioInclude\asio\detail\handler_invoke_helpers.hpp
		AsioInclude\asio\detail\handler_tracking.hpp = AsioInclude\asio\detail\handler_tracking.hpp
		AsioInclude\asio\detail\handler_type_requirements.hpp = AsioInclude\asio\detail\handler_type_requirements.hpp
		AsioInclude\asio\detail\handler_work.hpp = AsioInclude\asio\detail\handler_work.hpp
		AsioInclude\asio\detail\hash_map.hpp = AsioInclude\asio\detail\hash_map.hpp
		AsioInclude\asio\detail\io_control.hpp = AsioInclude\asio\detail\io_control.hpp
		AsioInclude\asio\detail\is_buffer_sequence.hpp = AsioInclude\asio\detail\is_buffer_sequence.hpp
		AsioInclude\asio\detail\is_executor.hpp = AsioInclude\asio\detail\is_executor.hpp
		AsioInclude\asio\detail\keyword_tss_ptr.hpp = AsioInclude\asio\detail\keyword_tss_ptr.hpp
		AsioInclude\asio\detail\kqueue_reactor.hpp = AsioInclude\asio\detail\kqueue_reactor.hpp
		AsioInclude\asio\detail\limits.hpp = AsioInclude\asio\detail\limits.hpp
		AsioInclude\asio\detail\local_free_on_block_exit.hpp = AsioInclude\asio\detail\local_free_on_block_exit.hpp
		AsioInclude\asio\detail\macos_fenced_block.hpp = AsioInclude\asio\detail\macos_fenced_block.hpp
		AsioInclude\asio\detail\memory.hpp = AsioInclude\asio\detail\memory.hpp
		AsioInclude\asio\detail\mutex.hpp = AsioInclude\asio\detail\mutex.hpp
		AsioInclude\asio\detail\noncopyable.hpp = AsioInclude\asio\detail\noncopyable.hpp
		AsioInclude\asio\detail\null_event.hpp = AsioInclude\asio\detail\null_event.hpp
		AsioInclude\asio\detail\null_fenced_block.hpp = AsioInclude\asio\detail\null_fenced_block.hpp
		AsioInclude\asio\detail\null_global.hpp = AsioInclude\asio\detail\null_global.hpp
		AsioInclude\asio\detail\null_mutex.hpp = AsioInclude\asio\detail\null_mutex.hpp
		AsioInclude\asio\detail\null_reactor.hpp = AsioInclude\asio\detail\null_reactor.hpp
		AsioInclude\asio\detail\null_signal_blocker.hpp = AsioInclude\asio\detail\null_signal_blocker.hpp
		AsioInclude\asio\detail\null_socket_service.hpp = AsioInclude\asio\detail\null_socket_service.hpp
		AsioInclude\asio\detail\null_static_mutex.hpp = AsioInclude\asio\detail\null_static_mutex.hpp
		AsioInclude\asio\detail\null_thread.hpp = AsioInclude\asio\detail\null_thread.hpp
		AsioInclude\asio\detail\null_tss_ptr.hpp = AsioInclude\asio\detail\null_tss_ptr.hpp
		AsioInclude\asio\detail\object_pool.hpp = AsioInclude\asio\detail\object_pool.hpp
		AsioInclude\asio\detail\old_win_sdk_compat.hpp = AsioInclude\asio\detail\old_win_sdk_compat.hpp
		AsioInclude\asio\detail\op_queue.hpp = AsioInclude\asio\detail\op_queue.hpp
		AsioInclude\asio\detail\operation.hpp = AsioInclude\asio\detail\operation.hpp
		AsioInclude\asio\detail\pipe_select_interrupter.hpp = AsioInclude\asio\detail\pipe_select_interrupter.hpp
		AsioInclude\asio\detail\pop_options.hpp = AsioInclude\asio\detail\pop_options.hpp
		AsioInclude\asio\detail\posix_event.hpp = AsioInclude\asio\detail\posix_event.hpp
		AsioInclude\asio\detail\posix_fd_set_adapter.hpp = AsioInclude\asio\detail\posix_fd_set_adapter.hpp
		AsioInclude\asio\detail\posix_global.hpp = AsioInclude\asio\detail\posix_global.hpp
		AsioInclude\asio\detail\posix_mutex.hpp = AsioInclude\asio\detail\posix_mutex.hpp
		AsioInclude\asio\detail\posix_signal_blocker.hpp = AsioInclude\asio\detail\posix_signal_blocker.hpp
		AsioInclude\asio\detail\posix_static_mutex.hpp = AsioInclude\asio\detail\posix_static_mutex.hpp
		AsioInclude\asio\detail\posix_thread.hpp = AsioInclude\asio\detail\posix_thread.hpp
		AsioInclude\asio\detail\posix_tss_ptr.hpp = AsioInclude\asio\detail\posix_tss_ptr.hpp
		AsioInclude\asio\detail\push_options.hpp = AsioInclude\asio\detail\push_options.hpp
		AsioInclude\asio\detail\reactive_descriptor_service.hpp = AsioInclude\asio\detail\reactive_descriptor_service.hpp
		AsioInclude\asio\detail\reactive_null_buffers_op.hpp = AsioInclude\asio\detail\reactive_null_buffers_op.hpp
		AsioInclude\asio\detail\reactive_serial_port_service.hpp = AsioInclude\asio\detail\reactive_serial_port_service.hpp
		AsioInclude\asio\detail\reactive_socket_accept_op.hpp = AsioInclude\asio\detail\reactive_socket_accept_op.hpp
		AsioInclude\asio\detail\reactive_socket_connect_op.hpp = AsioInclude\asio\detail\reactive_socket_connect_op.hpp
		AsioInclude\asio\detail\reactive_socket_recv_op.hpp = AsioInclude\asio\detail\reactive_socket_recv_op.hpp
		AsioInclude\asio\detail\reactive_socket_recvfrom_op.hpp = AsioInclude\asio\detail\reactive_socket_recvfrom_op.hpp
		AsioInclude\asio\detail\reactive_socket_recvmsg_op.hpp = AsioInclude\asio\detail\reactive_socket_recvmsg_op.hpp
		AsioInclude\asio\detail\reactive_socket_send_op.hpp = AsioInclude\asio\detail\reactive_socket_send_op.hpp
		AsioInclude\asio\detail\reactive_socket_sendto_op.hpp = AsioInclude\asio\detail\reactive_socket_sendto_op.hpp
		AsioInclude\asio\detail\reactive_socket_service.hpp = AsioInclude\asio\detail\reactive_socket_service.hpp
		AsioInclude\asio\detail\reactive_socket_service_base.hpp = AsioInclude\asio\detail\reactive_socket_service_base.hpp
		AsioInclude\asio\detail\reactive_wait_op.hpp = AsioInclude\asio\detail\reactive_wait_op.hpp
		AsioInclude\asio\detail\reactor.hpp = AsioInclude\asio\detail\reactor.hpp
		AsioInclude\asio\detail\reactor_fwd.hpp = AsioInclude\asio\detail\reactor_fwd.hpp
		AsioInclude\asio\detail\reactor_op.hpp = AsioInclude\asio\detail\reactor_op.hpp
		AsioInclude\asio\detail\reactor_op_queue.hpp = AsioInclude\asio\detail\reactor_op_queue.hpp
		AsioInclude\asio\detail\recycling_allocator.hpp = AsioInclude\asio\detail\recycling_allocator.hpp
		AsioInclude\asio\detail\regex_fwd.hpp = AsioInclude\asio\detail\regex_fwd.hpp
		AsioInclude\asio\detail\resolve_endpoint_op.hpp = AsioInclude\asio\detail\resolve_endpoint_op.hpp
		AsioInclude\asio\detail\resolve_op.hpp = AsioInclude\asio\detail\resolve_op.hpp
		AsioInclude\asio\detail\resolve_query_op.hpp = AsioInclude\asio\detail\resolve_query_op.hpp
		AsioInclude\asio\detail\resolver_service.hpp = AsioInclude\asio\detail\resolver_service.hpp
		AsioInclude\asio\detail\resolver_service_base.hpp = AsioInclude\asio\detail\resolver_service_base.hpp
		AsioInclude\asio\detail\scheduler.hpp = AsioInclude\asio\detail\scheduler.hpp
		AsioInclude\asio\detail\scheduler_operation.hpp = AsioInclude\asio\detail\scheduler_operation.hpp
		AsioInclude\asio\detail\scheduler_thread_info.hpp = AsioInclude\asio\detail\scheduler_thread_info.hpp
		AsioInclude\asio\detail\scoped_lock.hpp = AsioInclude\asio\detail\scoped_lock.hpp
		AsioInclude\asio\detail\scoped_ptr.hpp = AsioInclude\asio\detail\scoped_ptr.hpp
		AsioInclude\asio\detail\select_interrupter.hpp = AsioInclude\asio\detail\select_interrupter.hpp
		AsioInclude\asio\detail\select_reactor.hpp = AsioInclude\asio\detail\select_reactor.hpp
		AsioInclude\asio\detail\service_registry.hpp = AsioInclude\asio\detail\service_registry.hpp
		AsioInclude\asio\detail\signal_blocker.hpp = AsioInclude\asio\detail\signal_blocker.hpp
		AsioInclude\asio\detail\signal_handler.hpp = AsioInclude\asio\detail\signal_handler.hpp
		AsioInclude\asio\detail\signal_init.hpp = AsioInclude\asio\detail\signal_init.hpp
		AsioInclude\asio\detail\signal_op.hpp = AsioInclude\asio\detail\signal_op.hpp
		AsioInclude\asio\detail\signal_set_service.hpp = AsioInclude\asio\detail\signal_set_service.hpp
		AsioInclude\asio\detail\socket_holder.hpp = AsioInclude\asio\detail\socket_holder.hpp
		AsioInclude\asio\detail\socket_ops.hpp = AsioInclude\asio\detail\socket_ops.hpp
		AsioInclude\asio\detail\socket_option.hpp = AsioInclude\asio\detail\socket_option.hpp
		AsioInclude\asio\detail\socket_select_interrupter.hpp = AsioInclude\asio\detail\socket_select_interrupter.hpp
		AsioInclude\asio\detail\socket_types.hpp = AsioInclude\asio\detail\socket_types.hpp
		AsioInclude\asio\detail\solaris_fenced_block.hpp = AsioInclude\asio\detail\solaris_fenced_block.hpp
		AsioInclude\asio\detail\static_mutex.hpp = AsioInclude\asio\detail\static_mutex.hpp
		AsioInclude\asio\detail\std_event.hpp = AsioInclude\asio\detail\std_event.hpp
		AsioInclude\asio\detail\std_fenced_block.hpp = AsioInclude\asio\detail\std_fenced_block.hpp
		AsioInclude\asio\detail\std_global.hpp = AsioInclude\asio\detail\std_global.hpp
		AsioInclude\asio\detail\std_mutex.hpp = AsioInclude\asio\detail\std_mutex.hpp
		AsioInclude\asio\detail\std_static_mutex.hpp = AsioInclude\asio\detail\std_static_mutex.hpp
		AsioInclude\asio\detail\std_thread.hpp = AsioInclude\asio\detail\std_thread.hpp
		AsioInclude\asio\detail\strand_executor_service.hpp = AsioInclude\asio\detail\strand_executor_service.hpp
		AsioInclude\asio\detail\strand_service.hpp = AsioInclude\asio\detail\strand_service.hpp
		AsioInclude\asio\detail\string_view.hpp = AsioInclude\asio\detail\string_view.hpp
		AsioInclude\asio\detail\thread.hpp = AsioInclude\asio\detail\thread.hpp
		AsioInclude\asio\detail\thread_context.hpp = AsioInclude\asio\detail\thread_context.hpp
		AsioInclude\asio\detail\thread_group.hpp = AsioInclude\asio\detail\thread_group.hpp
		AsioInclude\asio\detail\thread_info_base.hpp = AsioInclude\asio\detail\thread_info_base.hpp
		AsioInclude\asio\detail\throw_error.hpp = AsioInclude\asio\detail\throw_error.hpp
		AsioInclude\asio\detail\throw_exception.hpp = AsioInclude\asio\detail\throw_exception.hpp
		AsioInclude\asio\detail\timer_queue.hpp = AsioInclude\asio\detail\timer_queue.hpp
		AsioInclude\asio\detail\timer_queue_base.hpp = AsioInclude\asio\detail\timer_queue_base.hpp
		AsioInclude\asio\detail\timer_queue_ptime.hpp = AsioInclude\asio\detail\timer_queue_ptime.hpp
		AsioInclude\asio\detail\timer_queue_set.hpp = AsioInclude\asio\detail\timer_queue_set.hpp
		AsioInclude\asio\detail\timer_scheduler.hpp = AsioInclude\asio\detail\timer_scheduler.hpp
		AsioInclude\asio\detail\timer_scheduler_fwd.hpp = AsioInclude\asio\detail\timer_scheduler_fwd.hpp
		AsioInclude\asio\detail\tss_ptr.hpp = AsioInclude\asio\detail\tss_ptr.hpp
		AsioInclude\asio\detail\type_traits.hpp = AsioInclude\asio\detail\type_traits.hpp
		AsioInclude\asio\detail\variadic_templates.hpp = AsioInclude\asio\detail\variadic_templates.hpp
		AsioInclude\asio\detail\wait_handler.hpp = AsioInclude\asio\detail\wait_handler.hpp
		AsioInclude\asio\detail\wait_op.hpp = AsioInclude\asio\detail\wait_op.hpp
		AsioInclude\asio\detail\win_event.hpp = AsioInclude\asio\detail\win_event.hpp
		AsioInclude\asio\detail\win_fd_set_adapter.hpp = AsioInclude\asio\detail\win_fd_set_adapter.hpp
		AsioInclude\asio\detail\win_fenced_block.hpp = AsioInclude\asio\detail\win_fenced_block.hpp
		AsioInclude\asio\detail\win_global.hpp = AsioInclude\asio\detail\win_global.hpp
		AsioInclude\asio\detail\win_iocp_handle_read_op.hpp = AsioInclude\asio\detail\win_iocp_handle_read_op.hpp
		AsioInclude\asio\detail\win_iocp_handle_service.hpp = AsioInclude\asio\detail\win_iocp_handle_service.hpp
		AsioInclude\asio\detail\win_iocp_handle_write_op.hpp = AsioInclude\asio\detail\win_iocp_handle_write_op.hpp
		AsioInclude\asio\detail\win_iocp_io_context.hpp = AsioInclude\asio\detail\win_iocp_io_context.hpp
		AsioInclude\asio\detail\win_iocp_null_buffers_op.hpp = AsioInclude\asio\detail\win_iocp_null_buffers_op.hpp
		AsioInclude\asio\detail\win_iocp_operation.hpp = AsioInclude\asio\detail\win_iocp_operation.hpp
		AsioInclude\asio\detail\win_iocp_overlapped_op.hpp = AsioInclude\asio\detail\win_iocp_overlapped_op.hpp
		AsioInclude\asio\detail\win_iocp_overlapped_ptr.hpp = AsioInclude\asio\detail\win_iocp_overlapped_ptr.hpp
		AsioInclude\asio\detail\win_iocp_serial_port_service.hpp = AsioInclude\asio\detail\win_iocp_serial_port_service.hpp
		AsioInclude\asio\detail\win_iocp_socket_accept_op.hpp = AsioInclude\asio\detail\win_iocp_socket_accept_op.hpp
		AsioInclude\asio\detail\win_iocp_socket_connect_op.hpp = AsioInclude\asio\detail\win_iocp_socket_connect_op.hpp
		AsioInclude\asio\detail\win_iocp_socket_recv_op.hpp = AsioInclude\asio\detail\win_iocp_socket_recv_op.hpp
		AsioInclude\asio\detail\win_iocp_socket_recvfrom_op.hpp = AsioInclude\asio\detail\win_iocp_socket_recvfrom_op.hpp
		AsioInclude\asio\detail\win_iocp_socket_recvmsg_op.hpp = AsioInclude\asio\detail\win_iocp_socket_recvmsg_op.hpp
		AsioInclude\asio\detail\win_iocp_socket_send_op.hpp = AsioInclude\asio\detail\win_iocp_socket_send_op.hpp
		AsioInclude\asio\detail\win_iocp_socket_service.hpp = AsioInclude\asio\detail\win_iocp_socket_service.hpp
		AsioInclude\asio\detail\win_iocp_socket_service_base.hpp = AsioInclude\asio\detail\win_iocp_socket_service_base.hpp
		AsioInclude\asio\detail\win_iocp_thread_info.hpp = AsioInclude\asio\detail\win_iocp_thread_info.hpp
		AsioInclude\asio\detail\win_iocp_wait_op.hpp = AsioInclude\asio\detail\win_iocp_wait_op.hpp
		AsioInclude\asio\detail\win_mutex.hpp = AsioInclude\asio\detail\win_mutex.hpp
		AsioInclude\asio\detail\win_object_handle_service.hpp = AsioInclude\asio\detail\win_object_handle_service.hpp
		AsioInclude\asio\detail\win_static_mutex.hpp = AsioInclude\asio\detail\win_static_mutex.hpp
		AsioInclude\asio\detail\win_thread.hpp = AsioInclude\asio\detail\win_thread.hpp
		AsioInclude\asio\detail\win_tss_ptr.hpp = AsioInclude\asio\detail\win_tss_ptr.hpp
		AsioInclude\asio\detail\winapp_thread.hpp = AsioInclude\asio\detail\winapp_thread.hpp
		AsioInclude\asio\detail\wince_thread.hpp = AsioInclude\asio\detail\wince_thread.hpp
		AsioInclude\asio\detail\winrt_async_manager.hpp = AsioInclude\asio\detail\winrt_async_manager.hpp
		AsioInclude\asio\detail\winrt_async_op.hpp = AsioInclude\asio\detail\winrt_async_op.hpp
		AsioInclude\asio\detail\winrt_resolve_op.hpp = AsioInclude\asio\detail\winrt_resolve_op.hpp
		AsioInclude\asio\detail\winrt_resolver_service.hpp = AsioInclude\asio\detail\winrt_resolver_service.hpp
		AsioInclude\asio\detail\winrt_socket_connect_op.hpp = AsioInclude\asio\detail\winrt_socket_connect_op.hpp
		AsioInclude\asio\detail\winrt_socket_recv_op.hpp = AsioInclude\asio\detail\winrt_socket_recv_op.hpp
		AsioInclude\asio\detail\winrt_socket_send_op.hpp = AsioInclude\asio\detail\winrt_socket_send_op.hpp
		AsioInclude\asio\detail\winrt_ssocket_service.hpp = AsioInclude\asio\detail\winrt_ssocket_service.hpp
		AsioInclude\asio\detail\winrt_ssocket_service_base.hpp = AsioInclude\asio\detail\winrt_ssocket_service_base.hpp
		AsioInclude\asio\detail\winrt_timer_scheduler.hpp = AsioInclude\asio\detail\winrt_timer_scheduler.hpp
		AsioInclude\asio\detail\winrt_utils.hpp = AsioInclude\asio\detail\winrt_utils.hpp
		AsioInclude\asio\detail\winsock_init.hpp = AsioInclude\asio\detail\winsock_init.hpp
		AsioInclude\asio\detail\work_dispatcher.hpp = AsioInclude\asio\detail\work_dispatcher.hpp
		AsioInclude\asio\detail\wrapped_handler.hpp = AsioInclude\asio\detail\wrapped_handler.hpp
	EndProjectSection
EndProject
Project("{2150E333-8FDC-42A3-9474-1A3956D46DE8}") = "impl", "impl", "{200F17B9-803F-4426-9FC2-0F05C3163325}"
	ProjectSection(SolutionItems) = preProject
		AsioInclude\asio\detail\impl\buffer_sequence_adapter.ipp = AsioInclude\asio\detail\impl\buffer_sequence_adapter.ipp
		AsioInclude\asio\detail\impl\descriptor_ops.ipp = AsioInclude\asio\detail\impl\descriptor_ops.ipp
		AsioInclude\asio\detail\impl\dev_poll_reactor.hpp = AsioInclude\asio\detail\impl\dev_poll_reactor.hpp
		AsioInclude\asio\detail\impl\dev_poll_reactor.ipp = AsioInclude\asio\detail\impl\dev_poll_reactor.ipp
		AsioInclude\asio\detail\impl\epoll_reactor.hpp = AsioInclude\asio\detail\impl\epoll_reactor.hpp
		AsioInclude\asio\detail\impl\epoll_reactor.ipp = AsioInclude\asio\detail\impl\epoll_reactor.ipp
		AsioInclude\asio\detail\impl\eventfd_select_interrupter.ipp = AsioInclude\asio\detail\impl\eventfd_select_interrupter.ipp
		AsioInclude\asio\detail\impl\handler_tracking.ipp = AsioInclude\asio\detail\impl\handler_tracking.ipp
		AsioInclude\asio\detail\impl\kqueue_reactor.hpp = AsioInclude\asio\detail\impl\kqueue_reactor.hpp
		AsioInclude\asio\detail\impl\kqueue_reactor.ipp = AsioInclude\asio\detail\impl\kqueue_reactor.ipp
		AsioInclude\asio\detail\impl\null_event.ipp = AsioInclude\asio\detail\impl\null_event.ipp
		AsioInclude\asio\detail\impl\pipe_select_interrupter.ipp = AsioInclude\asio\detail\impl\pipe_select_interrupter.ipp
		AsioInclude\asio\detail\impl\posix_event.ipp = AsioInclude\asio\detail\impl\posix_event.ipp
		AsioInclude\asio\detail\impl\posix_mutex.ipp = AsioInclude\asio\detail\impl\posix_mutex.ipp
		AsioInclude\asio\detail\impl\posix_thread.ipp = AsioInclude\asio\detail\impl\posix_thread.ipp
		AsioInclude\asio\detail\impl\posix_tss_ptr.ipp = AsioInclude\asio\detail\impl\posix_tss_ptr.ipp
		AsioInclude\asio\detail\impl\reactive_descriptor_service.ipp = AsioInclude\asio\detail\impl\reactive_descriptor_service.ipp
		AsioInclude\asio\detail\impl\reactive_serial_port_service.ipp = AsioInclude\asio\detail\impl\reactive_serial_port_service.ipp
		AsioInclude\asio\detail\impl\reactive_socket_service_base.ipp = AsioInclude\asio\detail\impl\reactive_socket_service_base.ipp
		AsioInclude\asio\detail\impl\resolver_service_base.ipp = AsioInclude\asio\detail\impl\resolver_service_base.ipp
		AsioInclude\asio\detail\impl\scheduler.ipp = AsioInclude\asio\detail\impl\scheduler.ipp
		AsioInclude\asio\detail\impl\select_reactor.hpp = AsioInclude\asio\detail\impl\select_reactor.hpp
		AsioInclude\asio\detail\impl\select_reactor.ipp = AsioInclude\asio\detail\impl\select_reactor.ipp
		AsioInclude\asio\detail\impl\service_registry.hpp = AsioInclude\asio\detail\impl\service_registry.hpp
		AsioInclude\asio\detail\impl\service_registry.ipp = AsioInclude\asio\detail\impl\service_registry.ipp
		AsioInclude\asio\detail\impl\signal_set_service.ipp = AsioInclude\asio\detail\impl\signal_set_service.ipp
		AsioInclude\asio\detail\impl\socket_ops.ipp = AsioInclude\asio\detail\impl\socket_ops.ipp
		AsioInclude\asio\detail\impl\socket_select_interrupter.ipp = AsioInclude\asio\detail\impl\socket_select_interrupter.ipp
		AsioInclude\asio\detail\impl\strand_executor_service.hpp = AsioInclude\asio\detail\impl\strand_executor_service.hpp
		AsioInclude\asio\detail\impl\strand_executor_service.ipp = AsioInclude\asio\detail\impl\strand_executor_service.ipp
		AsioInclude\asio\detail\impl\strand_service.hpp = AsioInclude\asio\detail\impl\strand_service.hpp
		AsioInclude\asio\detail\impl\strand_service.ipp = AsioInclude\asio\detail\impl\strand_service.ipp
		AsioInclude\asio\detail\impl\throw_error.ipp = AsioInclude\asio\detail\impl\throw_error.ipp
		AsioInclude\asio\detail\impl\timer_queue_ptime.ipp = AsioInclude\asio\detail\impl\timer_queue_ptime.ipp
		AsioInclude\asio\detail\impl\timer_queue_set.ipp = AsioInclude\asio\detail\impl\timer_queue_set.ipp
		AsioInclude\asio\detail\impl\win_event.ipp = AsioInclude\asio\detail\impl\win_event.ipp
		AsioInclude\asio\detail\impl\win_iocp_handle_service.ipp = AsioInclude\asio\detail\impl\win_iocp_handle_service.ipp
		AsioInclude\asio\detail\impl\win_iocp_io_context.hpp = AsioInclude\asio\detail\impl\win_iocp_io_context.hpp
		AsioInclude\asio\detail\impl\win_iocp_io_context.ipp = AsioInclude\asio\detail\impl\win_iocp_io_context.ipp
		AsioInclude\asio\detail\impl\win_iocp_serial_port_service.ipp = AsioInclude\asio\detail\impl\win_iocp_serial_port_service.ipp
		AsioInclude\asio\detail\impl\win_iocp_socket_service_base.ipp = AsioInclude\asio\detail\impl\win_iocp_socket_service_base.ipp
		AsioInclude\asio\detail\impl\win_mutex.ipp = AsioInclude\asio\detail\impl\win_mutex.ipp
		AsioInclude\asio\detail\impl\win_object_handle_service.ipp = AsioInclude\asio\detail\impl\win_object_handle_service.ipp
		AsioInclude\asio\detail\impl\win_static_mutex.ipp = AsioInclude\asio\detail\impl\win_static_mutex.ipp
		AsioInclude\asio\detail\impl\win_thread.ipp = AsioInclude\asio\detail\impl\win_thread.ipp
		AsioInclude\asio\detail\impl\win_tss_ptr.ipp = AsioInclude\asio\detail\impl\win_tss_ptr.ipp
		AsioInclude\asio\detail\impl\winrt_ssocket_service_base.ipp = AsioInclude\asio\detail\impl\winrt_ssocket_service_base.ipp
		AsioInclude\asio\detail\impl\winrt_timer_scheduler.hpp = AsioInclude\asio\detail\impl\winrt_timer_scheduler.hpp
		AsioInclude\asio\detail\impl\winrt_timer_scheduler.ipp = AsioInclude\asio\detail\impl\winrt_timer_scheduler.ipp
		AsioInclude\asio\detail\impl\winsock_init.ipp = AsioInclude\asio\detail\impl\winsock_init.ipp
	EndProjectSection
EndProject
Project("{2150E333-8FDC-42A3-9474-1A3956D46DE8}") = "generic", "generic", "{B25B107F-0BD4-471A-9C4B-87775A60091D}"
	ProjectSection(SolutionItems) = preProject
		AsioInclude\asio\generic\basic_endpoint.hpp = AsioInclude\asio\generic\basic_endpoint.hpp
		AsioInclude\asio\generic\datagram_protocol.hpp = AsioInclude\asio\generic\datagram_protocol.hpp
		AsioInclude\asio\generic\raw_protocol.hpp = AsioInclude\asio\generic\raw_protocol.hpp
		AsioInclude\asio\generic\seq_packet_protocol.hpp = AsioInclude\asio\generic\seq_packet_protocol.hpp
		AsioInclude\asio\generic\stream_protocol.hpp = AsioInclude\asio\generic\stream_protocol.hpp
	EndProjectSection
EndProject
Project("{2150E333-8FDC-42A3-9474-1A3956D46DE8}") = "detail", "detail", "{1D3D15C4-CD94-43AB-A45B-049F21B320CB}"
	ProjectSection(SolutionItems) = preProject
		AsioInclude\asio\generic\detail\endpoint.hpp = AsioInclude\asio\generic\detail\endpoint.hpp
	EndProjectSection
EndProject
Project("{2150E333-8FDC-42A3-9474-1A3956D46DE8}") = "impl", "impl", "{2618EF2B-A32C-406E-86BD-D39A19945998}"
	ProjectSection(SolutionItems) = preProject
		AsioInclude\asio\generic\detail\impl\endpoint.ipp = AsioInclude\asio\generic\detail\impl\endpoint.ipp
	EndProjectSection
EndProject
Project("{2150E333-8FDC-42A3-9474-1A3956D46DE8}") = "impl", "impl", "{ADB1F796-B418-4683-89FC-4D67138FB659}"
	ProjectSection(SolutionItems) = preProject
		AsioInclude\asio\impl\buffered_read_stream.hpp = AsioInclude\asio\impl\buffered_read_stream.hpp
		AsioInclude\asio\impl\buffered_write_stream.hpp = AsioInclude\asio\impl\buffered_write_stream.hpp
		AsioInclude\asio\impl\connect.hpp = AsioInclude\asio\impl\connect.hpp
		AsioInclude\asio\impl\defer.hpp = AsioInclude\asio\impl\defer.hpp
		AsioInclude\asio\impl\dispatch.hpp = AsioInclude\asio\impl\dispatch.hpp
		AsioInclude\asio\impl\error.ipp = AsioInclude\asio\impl\error.ipp
		AsioInclude\asio\impl\error_code.ipp = AsioInclude\asio\impl\error_code.ipp
		AsioInclude\asio\impl\execution_context.hpp = AsioInclude\asio\impl\execution_context.hpp
		AsioInclude\asio\impl\execution_context.ipp = AsioInclude\asio\impl\execution_context.ipp
		AsioInclude\asio\impl\executor.hpp = AsioInclude\asio\impl\executor.hpp
		AsioInclude\asio\impl\executor.ipp = AsioInclude\asio\impl\executor.ipp
		AsioInclude\asio\impl\handler_alloc_hook.ipp = AsioInclude\asio\impl\handler_alloc_hook.ipp
		AsioInclude\asio\impl\io_context.hpp = AsioInclude\asio\impl\io_context.hpp
		AsioInclude\asio\impl\io_context.ipp = AsioInclude\asio\impl\io_context.ipp
		AsioInclude\asio\impl\post.hpp = AsioInclude\asio\impl\post.hpp
		AsioInclude\asio\impl\read.hpp = AsioInclude\asio\impl\read.hpp
		AsioInclude\asio\impl\read_at.hpp = AsioInclude\asio\impl\read_at.hpp
		AsioInclude\asio\impl\read_until.hpp = AsioInclude\asio\impl\read_until.hpp
		AsioInclude\asio\impl\serial_port_base.hpp = AsioInclude\asio\impl\serial_port_base.hpp
		AsioInclude\asio\impl\serial_port_base.ipp = AsioInclude\asio\impl\serial_port_base.ipp
		AsioInclude\asio\impl\spawn.hpp = AsioInclude\asio\impl\spawn.hpp
		AsioInclude\asio\impl\src.cpp = AsioInclude\asio\impl\src.cpp
		AsioInclude\asio\impl\src.hpp = AsioInclude\asio\impl\src.hpp
		AsioInclude\asio\impl\system_executor.hpp = AsioInclude\asio\impl\system_executor.hpp
		AsioInclude\asio\impl\system_executor.ipp = AsioInclude\asio\impl\system_executor.ipp
		AsioInclude\asio\impl\thread_pool.hpp = AsioInclude\asio\impl\thread_pool.hpp
		AsioInclude\asio\impl\thread_pool.ipp = AsioInclude\asio\impl\thread_pool.ipp
		AsioInclude\asio\impl\use_future.hpp = AsioInclude\asio\impl\use_future.hpp
		AsioInclude\asio\impl\write.hpp = AsioInclude\asio\impl\write.hpp
		AsioInclude\asio\impl\write_at.hpp = AsioInclude\asio\impl\write_at.hpp
	EndProjectSection
EndProject
Project("{2150E333-8FDC-42A3-9474-1A3956D46DE8}") = "ip", "ip", "{CE7B3528-24BB-4B7A-A204-E7515115EC26}"
	ProjectSection(SolutionItems) = preProject
		AsioInclude\asio\ip\address.hpp = AsioInclude\asio\ip\address.hpp
		AsioInclude\asio\ip\address_v4.hpp = AsioInclude\asio\ip\address_v4.hpp
		AsioInclude\asio\ip\address_v4_iterator.hpp = AsioInclude\asio\ip\address_v4_iterator.hpp
		AsioInclude\asio\ip\address_v4_range.hpp = AsioInclude\asio\ip\address_v4_range.hpp
		AsioInclude\asio\ip\address_v6.hpp = AsioInclude\asio\ip\address_v6.hpp
		AsioInclude\asio\ip\address_v6_iterator.hpp = AsioInclude\asio\ip\address_v6_iterator.hpp
		AsioInclude\asio\ip\address_v6_range.hpp = AsioInclude\asio\ip\address_v6_range.hpp
		AsioInclude\asio\ip\bad_address_cast.hpp = AsioInclude\asio\ip\bad_address_cast.hpp
		AsioInclude\asio\ip\basic_endpoint.hpp = AsioInclude\asio\ip\basic_endpoint.hpp
		AsioInclude\asio\ip\basic_resolver.hpp = AsioInclude\asio\ip\basic_resolver.hpp
		AsioInclude\asio\ip\basic_resolver_entry.hpp = AsioInclude\asio\ip\basic_resolver_entry.hpp
		AsioInclude\asio\ip\basic_resolver_iterator.hpp = AsioInclude\asio\ip\basic_resolver_iterator.hpp
		AsioInclude\asio\ip\basic_resolver_query.hpp = AsioInclude\asio\ip\basic_resolver_query.hpp
		AsioInclude\asio\ip\basic_resolver_results.hpp = AsioInclude\asio\ip\basic_resolver_results.hpp
		AsioInclude\asio\ip\host_name.hpp = AsioInclude\asio\ip\host_name.hpp
		AsioInclude\asio\ip\icmp.hpp = AsioInclude\asio\ip\icmp.hpp
		AsioInclude\asio\ip\multicast.hpp = AsioInclude\asio\ip\multicast.hpp
		AsioInclude\asio\ip\network_v4.hpp = AsioInclude\asio\ip\network_v4.hpp
		AsioInclude\asio\ip\network_v6.hpp = AsioInclude\asio\ip\network_v6.hpp
		AsioInclude\asio\ip\resolver_base.hpp = AsioInclude\asio\ip\resolver_base.hpp
		AsioInclude\asio\ip\resolver_query_base.hpp = AsioInclude\asio\ip\resolver_query_base.hpp
		AsioInclude\asio\ip\resolver_service.hpp = AsioInclude\asio\ip\resolver_service.hpp
		AsioInclude\asio\ip\tcp.hpp = AsioInclude\asio\ip\tcp.hpp
		AsioInclude\asio\ip\udp.hpp = AsioInclude\asio\ip\udp.hpp
		AsioInclude\asio\ip\unicast.hpp = AsioInclude\asio\ip\unicast.hpp
		AsioInclude\asio\ip\v6_only.hpp = AsioInclude\asio\ip\v6_only.hpp
	EndProjectSection
EndProject
Project("{2150E333-8FDC-42A3-9474-1A3956D46DE8}") = "detail", "detail", "{E2A96D39-4101-48E3-8AA9-CC8084D4020A}"
	ProjectSection(SolutionItems) = preProject
		AsioInclude\asio\ip\detail\endpoint.hpp = AsioInclude\asio\ip\detail\endpoint.hpp
		AsioInclude\asio\ip\detail\socket_option.hpp = AsioInclude\asio\ip\detail\socket_option.hpp
	EndProjectSection
EndProject
Project("{2150E333-8FDC-42A3-9474-1A3956D46DE8}") = "impl", "impl", "{EF611B93-254D-4AF8-AFF1-15C7C6DC9EEB}"
	ProjectSection(SolutionItems) = preProject
		AsioInclude\asio\ip\detail\impl\endpoint.ipp = AsioInclude\asio\ip\detail\impl\endpoint.ipp
	EndProjectSection
EndProject
Project("{2150E333-8FDC-42A3-9474-1A3956D46DE8}") = "impl", "impl", "{0CFF99C0-3825-4CFA-ADA2-112C53D87E46}"
	ProjectSection(SolutionItems) = preProject
		AsioInclude\asio\ip\impl\address.hpp = AsioInclude\asio\ip\impl\address.hpp
		AsioInclude\asio\ip\impl\address.ipp = AsioInclude\asio\ip\impl\address.ipp
		AsioInclude\asio\ip\impl\address_v4.hpp = AsioInclude\asio\ip\impl\address_v4.hpp
		AsioInclude\asio\ip\impl\address_v4.ipp = AsioInclude\asio\ip\impl\address_v4.ipp
		AsioInclude\asio\ip\impl\address_v6.hpp = AsioInclude\asio\ip\impl\address_v6.hpp
		AsioInclude\asio\ip\impl\address_v6.ipp = AsioInclude\asio\ip\impl\address_v6.ipp
		AsioInclude\asio\ip\impl\basic_endpoint.hpp = AsioInclude\asio\ip\impl\basic_endpoint.hpp
		AsioInclude\asio\ip\impl\host_name.ipp = AsioInclude\asio\ip\impl\host_name.ipp
		AsioInclude\asio\ip\impl\network_v4.hpp = AsioInclude\asio\ip\impl\network_v4.hpp
		AsioInclude\asio\ip\impl\network_v4.ipp = AsioInclude\asio\ip\impl\network_v4.ipp
		AsioInclude\asio\ip\impl\network_v6.hpp = AsioInclude\asio\ip\impl\network_v6.hpp
		AsioInclude\asio\ip\impl\network_v6.ipp = AsioInclude\asio\ip\impl\network_v6.ipp
	EndProjectSection
EndProject
Project("{2150E333-8FDC-42A3-9474-1A3956D46DE8}") = "local", "local", "{D8623C78-891F-4956-8B38-3C02470E81EF}"
	ProjectSection(SolutionItems) = preProject
		AsioInclude\asio\local\basic_endpoint.hpp = AsioInclude\asio\local\basic_endpoint.hpp
		AsioInclude\asio\local\connect_pair.hpp = AsioInclude\asio\local\connect_pair.hpp
		AsioInclude\asio\local\datagram_protocol.hpp = AsioInclude\asio\local\datagram_protocol.hpp
		AsioInclude\asio\local\stream_protocol.hpp = AsioInclude\asio\local\stream_protocol.hpp
	EndProjectSection
EndProject
Project("{2150E333-8FDC-42A3-9474-1A3956D46DE8}") = "detail", "detail", "{229F384A-3E49-4F04-B0F3-84F36958E83C}"
	ProjectSection(SolutionItems) = preProject
		AsioInclude\asio\local\detail\endpoint.hpp = AsioInclude\asio\local\detail\endpoint.hpp
	EndProjectSection
EndProject
Project("{2150E333-8FDC-42A3-9474-1A3956D46DE8}") = "impl", "impl", "{A49FB691-BCED-46D4-BD92-A2523B411DE6}"
	ProjectSection(SolutionItems) = preProject
		AsioInclude\asio\local\detail\impl\endpoint.ipp = AsioInclude\asio\local\detail\impl\endpoint.ipp
	EndProjectSection
EndProject
Project("{2150E333-8FDC-42A3-9474-1A3956D46DE8}") = "posix", "posix", "{EDA2252D-9152-42A3-B8A2-5930844FB320}"
	ProjectSection(SolutionItems) = preProject
		AsioInclude\asio\posix\basic_descriptor.hpp = AsioInclude\asio\posix\basic_descriptor.hpp
		AsioInclude\asio\posix\basic_stream_descriptor.hpp = AsioInclude\asio\posix\basic_stream_descriptor.hpp
		AsioInclude\asio\posix\descriptor.hpp = AsioInclude\asio\posix\descriptor.hpp
		AsioInclude\asio\posix\descriptor_base.hpp = AsioInclude\asio\posix\descriptor_base.hpp
		AsioInclude\asio\posix\stream_descriptor.hpp = AsioInclude\asio\posix\stream_descriptor.hpp
		AsioInclude\asio\posix\stream_descriptor_service.hpp = AsioInclude\asio\posix\stream_descriptor_service.hpp
	EndProjectSection
EndProject
Project("{2150E333-8FDC-42A3-9474-1A3956D46DE8}") = "ssl", "ssl", "{E5860D55-633C-4636-B67B-0A94F74A7413}"
	ProjectSection(SolutionItems) = preProject
		AsioInclude\asio\ssl\context.hpp = AsioInclude\asio\ssl\context.hpp
		AsioInclude\asio\ssl\context_base.hpp = AsioInclude\asio\ssl\context_base.hpp
		AsioInclude\asio\ssl\error.hpp = AsioInclude\asio\ssl\error.hpp
		AsioInclude\asio\ssl\rfc2818_verification.hpp = AsioInclude\asio\ssl\rfc2818_verification.hpp
		AsioInclude\asio\ssl\stream.hpp = AsioInclude\asio\ssl\stream.hpp
		AsioInclude\asio\ssl\stream_base.hpp = AsioInclude\asio\ssl\stream_base.hpp
		AsioInclude\asio\ssl\verify_context.hpp = AsioInclude\asio\ssl\verify_context.hpp
		AsioInclude\asio\ssl\verify_mode.hpp = AsioInclude\asio\ssl\verify_mode.hpp
	EndProjectSection
EndProject
Project("{2150E333-8FDC-42A3-9474-1A3956D46DE8}") = "detail", "detail", "{E1FDA3CB-1012-4850-904A-67542E71EC8D}"
	ProjectSection(SolutionItems) = preProject
		AsioInclude\asio\ssl\detail\buffered_handshake_op.hpp = AsioInclude\asio\ssl\detail\buffered_handshake_op.hpp
		AsioInclude\asio\ssl\detail\engine.hpp = AsioInclude\asio\ssl\detail\engine.hpp
		AsioInclude\asio\ssl\detail\handshake_op.hpp = AsioInclude\asio\ssl\detail\handshake_op.hpp
		AsioInclude\asio\ssl\detail\io.hpp = AsioInclude\asio\ssl\detail\io.hpp
		AsioInclude\asio\ssl\detail\openssl_init.hpp = AsioInclude\asio\ssl\detail\openssl_init.hpp
		AsioInclude\asio\ssl\detail\openssl_types.hpp = AsioInclude\asio\ssl\detail\openssl_types.hpp
		AsioInclude\asio\ssl\detail\password_callback.hpp = AsioInclude\asio\ssl\detail\password_callback.hpp
		AsioInclude\asio\ssl\detail\read_op.hpp = AsioInclude\asio\ssl\detail\read_op.hpp
		AsioInclude\asio\ssl\detail\shutdown_op.hpp = AsioInclude\asio\ssl\detail\shutdown_op.hpp
		AsioInclude\asio\ssl\detail\stream_core.hpp = AsioInclude\asio\ssl\detail\stream_core.hpp
		AsioInclude\asio\ssl\detail\verify_callback.hpp = AsioInclude\asio\ssl\detail\verify_callback.hpp
		AsioInclude\asio\ssl\detail\write_op.hpp = AsioInclude\asio\ssl\detail\write_op.hpp
	EndProjectSection
EndProject
Project("{2150E333-8FDC-42A3-9474-1A3956D46DE8}") = "impl", "impl", "{EF5822F0-4270-45F4-BCD9-C4AFEDF26A90}"
	ProjectSection(SolutionItems) = preProject
		AsioInclude\asio\ssl\detail\impl\engine.ipp = AsioInclude\asio\ssl\detail\impl\engine.ipp
		AsioInclude\asio\ssl\detail\impl\openssl_init.ipp = AsioInclude\asio\ssl\detail\impl\openssl_init.ipp
	EndProjectSection
EndProject
Project("{2150E333-8FDC-42A3-9474-1A3956D46DE8}") = "impl", "impl", "{875423D6-2928-43A0-AF91-7F266BFCEE9D}"
	ProjectSection(SolutionItems) = preProject
		AsioInclude\asio\ssl\impl\context.hpp = AsioInclude\asio\ssl\impl\context.hpp
		AsioInclude\asio\ssl\impl\context.ipp = AsioInclude\asio\ssl\impl\context.ipp
		AsioInclude\asio\ssl\impl\error.ipp = AsioInclude\asio\ssl\impl\error.ipp
		AsioInclude\asio\ssl\impl\rfc2818_verification.ipp = AsioInclude\asio\ssl\impl\rfc2818_verification.ipp
		AsioInclude\asio\ssl\impl\src.hpp = AsioInclude\asio\ssl\impl\src.hpp
	EndProjectSection
EndProject
Project("{2150E333-8FDC-42A3-9474-1A3956D46DE8}") = "ts", "ts", "{1A001806-73EB-47E5-AE3E-89A8C07E00E4}"
	ProjectSection(SolutionItems) = preProject
		AsioInclude\asio\ts\buffer.hpp = AsioInclude\asio\ts\buffer.hpp
		AsioInclude\asio\ts\executor.hpp = AsioInclude\asio\ts\executor.hpp
		AsioInclude\asio\ts\internet.hpp = AsioInclude\asio\ts\internet.hpp
		AsioInclude\asio\ts\io_context.hpp = AsioInclude\asio\ts\io_context.hpp
		AsioInclude\asio\ts\net.hpp = AsioInclude\asio\ts\net.hpp
		AsioInclude\asio\ts\netfwd.hpp = AsioInclude\asio\ts\netfwd.hpp
		AsioInclude\asio\ts\socket.hpp = AsioInclude\asio\ts\socket.hpp
		AsioInclude\asio\ts\timer.hpp = AsioInclude\asio\ts\timer.hpp
	EndProjectSection
EndProject
Project("{2150E333-8FDC-42A3-9474-1A3956D46DE8}") = "windows", "windows", "{7DF9B999-5774-46C6-B4FA-4EDF85972C93}"
	ProjectSection(SolutionItems) = preProject
		AsioInclude\asio\windows\basic_handle.hpp = AsioInclude\asio\windows\basic_handle.hpp
		AsioInclude\asio\windows\basic_object_handle.hpp = AsioInclude\asio\windows\basic_object_handle.hpp
		AsioInclude\asio\windows\basic_random_access_handle.hpp = AsioInclude\asio\windows\basic_random_access_handle.hpp
		AsioInclude\asio\windows\basic_stream_handle.hpp = AsioInclude\asio\windows\basic_stream_handle.hpp
		AsioInclude\asio\windows\object_handle.hpp = AsioInclude\asio\windows\object_handle.hpp
		AsioInclude\asio\windows\object_handle_service.hpp = AsioInclude\asio\windows\object_handle_service.hpp
		AsioInclude\asio\windows\overlapped_handle.hpp = AsioInclude\asio\windows\overlapped_handle.hpp
		AsioInclude\asio\windows\overlapped_ptr.hpp = AsioInclude\asio\windows\overlapped_ptr.hpp
		AsioInclude\asio\windows\random_access_handle.hpp = AsioInclude\asio\windows\random_access_handle.hpp
		AsioInclude\asio\windows\random_access_handle_service.hpp = AsioInclude\asio\windows\random_access_handle_service.hpp
		AsioInclude\asio\windows\stream_handle.hpp = AsioInclude\asio\windows\stream_handle.hpp
		AsioInclude\asio\windows\stream_handle_service.hpp = AsioInclude\asio\windows\stream_handle_service.hpp
	EndProjectSection
EndProject
Project("{8BC9CEB8-8B4A-11D0-8D11-00A0C91BC942}") = "Client", "Client\Client.vcxproj", "{368F297E-6E40-4E67-B5A5-15F398DE09FC}"
EndProject
Project("{8BC9CEB8-8B4A-11D0-8D11-00A0C91BC942}") = "Server", "Server\Server.vcxproj", "{749B9EB5-CCC2-4BE5-ABDE-49D7943D1094}"
EndProject
Project("{8BC9CEB8-8B4A-11D0-8D11-00A0C91BC942}") = "ServerExample", "ServerExample\ServerExample.vcxproj", "{B3841E3F-C050-461B-A165-867DBEDCAE0A}"
EndProject
Project("{8BC9CEB8-8B4A-11D0-8D11-00A0C91BC942}") = "ClientExample", "ClientExample\ClientExample.vcxproj", "{91A0D251-3C10-4DD4-9C89-C78707706928}"
EndProject
Global
	GlobalSection(SolutionConfigurationPlatforms) = preSolution
		Debug|ARM = Debug|ARM
		Debug|x64 = Debug|x64
		Debug|x86 = Debug|x86
		Release|ARM = Release|ARM
		Release|x64 = Release|x64
		Release|x86 = Release|x86
	EndGlobalSection
	GlobalSection(ProjectConfigurationPlatforms) = postSolution
		{368F297E-6E40-4E67-B5A5-15F398DE09FC}.Debug|ARM.ActiveCfg = Debug|Win32
		{368F297E-6E40-4E67-B5A5-15F398DE09FC}.Debug|x64.ActiveCfg = Debug|x64
		{368F297E-6E40-4E67-B5A5-15F398DE09FC}.Debug|x64.Build.0 = Debug|x64
		{368F297E-6E40-4E67-B5A5-15F398DE09FC}.Debug|x86.ActiveCfg = Debug|Win32
		{368F297E-6E40-4E67-B5A5-15F398DE09FC}.Debug|x86.Build.0 = Debug|Win32
		{368F297E-6E40-4E67-B5A5-15F398DE09FC}.Release|ARM.ActiveCfg = Release|Win32
		{368F297E-6E40-4E67-B5A5-15F398DE09FC}.Release|x64.ActiveCfg = Release|x64
		{368F297E-6E40-4E67-B5A5-15F398DE09FC}.Release|x64.Build.0 = Release|x64
		{368F297E-6E40-4E67-B5A5-15F398DE09FC}.Release|x86.ActiveCfg = Release|Win32
		{368F297E-6E40-4E67-B5A5-15F398DE09FC}.Release|x86.Build.0 = Release|Win32
		{749B9EB5-CCC2-4BE5-ABDE-49D7943D1094}.Debug|ARM.ActiveCfg = Debug|Win32
		{749B9EB5-CCC2-4BE5-ABDE-49D7943D1094}.Debug|x64.ActiveCfg = Debug|x64
		{749B9EB5-CCC2-4BE5-ABDE-49D7943D1094}.Debug|x64.Build.0 = Debug|x64
		{749B9EB5-CCC2-4BE5-ABDE-49D7943D1094}.Debug|x86.ActiveCfg = Debug|Win32
		{749B9EB5-CCC2-4BE5-ABDE-49D7943D1094}.Debug|x86.Build.0 = Debug|Win32
		{749B9EB5-CCC2-4BE5-ABDE-49D7943D1094}.Release|ARM.ActiveCfg = Release|Win32
		{749B9EB5-CCC2-4BE5-ABDE-49D7943D1094}.Release|x64.ActiveCfg = Release|x64
		{749B9EB5-CCC2-4BE5-ABDE-49D7943D1094}.Release|x64.Build.0 = Release|x64
		{749B9EB5-CCC2-4BE5-ABDE-49D7943D1094}.Release|x86.ActiveCfg = Release|Win32
		{749B9EB5-CCC2-4BE5-ABDE-49D7943D1094}.Release|x86.Build.0 = Release|Win32
		{B3841E3F-C050-461B-A165-867DBEDCAE0A}.Debug|ARM.ActiveCfg = Debug|Win32
		{B3841E3F-C050-461B-A165-867DBEDCAE0A}.Debug|x64.ActiveCfg = Debug|x64
		{B3841E3F-C050-461B-A165-867DBEDCAE0A}.Debug|x64.Build.0 = Debug|x64
		{B3841E3F-C050-461B-A165-867DBEDCAE0A}.Debug|x86.ActiveCfg = Debug|Win32
		{B3841E3F-C050-461B-A165-867DBEDCAE0A}.Debug|x86.Build.0 = Debug|Win32
		{B3841E3F-C050-461B-A165-867DBEDCAE0A}.Release|ARM.ActiveCfg = Release|Win32
		{B3841E3F-C050-461B-A165-867DBEDCAE0A}.Release|x64.ActiveCfg = Release|x64
		{B3841E3F-C050-461B-A165-867DBEDCAE0A}.Release|x64.Build.0 = Release|x64
		{B3841E3F-C050-461B-A165-867DBEDCAE0A}.Release|x86.ActiveCfg = Release|Win32
		{B3841E3F-C050-461B-A165-867DBEDCAE0A}.Release|x86.Build.0 = Release|Win32
		{91A0D251-3C10-4DD4-9C89-C78707706928}.Debug|ARM.ActiveCfg = Debug|Win32
		{91A0D251-3C10-4DD4-9C89-C78707706928}.Debug|x64.ActiveCfg = Debug|x64
		{91A0D251-3C10-4DD4-9C89-C78707706928}.Debug|x64.Build.0 = Debug|x64
		{91A0D251-3C10-4DD4-9C89-C78707706928}.Debug|x86.ActiveCfg = Debug|Win32
		{91A0D251-3C10-4DD4-9C89-C78707706928}.Debug|x86.Build.0 = Debug|Win32
		{91A0D251-3C10-4DD4-9C89-C78707706928}.Release|ARM.ActiveCfg = Release|Win32
		{91A0D251-3C10-4DD4-9C89-C78707706928}.Release|x64.ActiveCfg = Release|x64
		{91A0D251-3C10-4DD4-9C89-C78707706928}.Release|x64.Build.0 = Release|x64
		{91A0D251-3C10-4DD4-9C89-C78707706928}.Release|x86.ActiveCfg = Release|Win32
		{91A0D251-3C10-4DD4-9C89-C78707706928}.Release|x86.Build.0 = Release|Win32
	EndGlobalSection
	GlobalSection(SolutionProperties) = preSolution
		HideSolutionNode = FALSE
	EndGlobalSection
	GlobalSection(NestedProjects) = preSolution
		{876B5354-0417-41E0-9997-461E8507FC09} = {0DA561FF-5BEE-4F78-AAA7-CED1CCA1F1BB}
		{5FF69E15-B5B0-4587-9270-8261232B89A4} = {876B5354-0417-41E0-9997-461E8507FC09}
		{200F17B9-803F-4426-9FC2-0F05C3163325} = {5FF69E15-B5B0-4587-9270-8261232B89A4}
		{B25B107F-0BD4-471A-9C4B-87775A60091D} = {876B5354-0417-41E0-9997-461E8507FC09}
		{1D3D15C4-CD94-43AB-A45B-049F21B320CB} = {B25B107F-0BD4-471A-9C4B-87775A60091D}
		{2618EF2B-A32C-406E-86BD-D39A19945998} = {1D3D15C4-CD94-43AB-A45B-049F21B320CB}
		{ADB1F796-B418-4683-89FC-4D67138FB659} = {876B5354-0417-41E0-9997-461E8507FC09}
		{CE7B3528-24BB-4B7A-A204-E7515115EC26} = {876B5354-0417-41E0-9997-461E8507FC09}
		{E2A96D39-4101-48E3-8AA9-CC8084D4020A} = {CE7B3528-24BB-4B7A-A204-E7515115EC26}
		{EF611B93-254D-4AF8-AFF1-15C7C6DC9EEB} = {E2A96D39-4101-48E3-8AA9-CC8084D4020A}
		{0CFF99C0-3825-4CFA-ADA2-112C53D87E46} = {CE7B3528-24BB-4B7A-A204-E7515115EC26}
		{D8623C78-891F-4956-8B38-3C02470E81EF} = {876B5354-0417-41E0-9997-461E8507FC09}
		{229F384A-3E49-4F04-B0F3-84F36958E83C} = {D8623C78-891F-4956-8B38-3C02470E81EF}
		{A49FB691-BCED-46D4-BD92-A2523B411DE6} = {229F384A-3E49-4F04-B0F3-84F36958E83C}
		{EDA2252D-9152-42A3-B8A2-5930844FB320} = {876B5354-0417-41E0-9997-461E8507FC09}
		{E5860D55-633C-4636-B67B-0A94F74A7413} = {876B5354-0417-41E0-9997-461E8507FC09}
		{E1FDA3CB-1012-4850-904A-67542E71EC8D} = {E5860D55-633C-4636-B67B-0A94F74A7413}
		{EF5822F0-4270-45F4-BCD9-C4AFEDF26A90} = {E1FDA3CB-1012-4850-904A-67542E71EC8D}
		{875423D6-2928-43A0-AF91-7F266BFCEE9D} = {E5860D55-633C-4636-B67B-0A94F74A7413}
		{1A001806-73EB-47E5-AE3E-89A8C07E00E4} = {876B5354-0417-41E0-9997-461E8507FC09}
		{7DF9B999-5774-46C6-B4FA-4EDF85972C93} = {876B5354-0417-41E0-9997-461E8507FC09}
	EndGlobalSection
	GlobalSection(ExtensibilityGlobals) = postSolution
		SolutionGuid = {57F3D0E1-DE80-463A-A981-90A83FAC0734}
	EndGlobalSection
EndGlobal
